// !$*UTF8*$!
{
    archiveVersion = 1;
    classes = {
    };
    objectVersion = 56;
    objects = {

/* Begin PBXBuildFile section */
1A0F718B2BF7C92F00CDD8CC /* WeatherTableViewCell.swift in Sources */ = {isa = PBXBuildFile; fileRef = 1A0F718A2BF7C92F00CDD8CC /* WeatherTableViewCell.swift */; };
33759CF52BF7CA2E005146CC /* SolarTableViewCell.swift in Sources */ = {isa = PBXBuildFile; fileRef = 33759CF42BF7CA2E005146CC /* SolarTableViewCell.swift */; };
609128922BF6A25B00951F02 /* AppDelegate.swift in Sources */ = {isa = PBXBuildFile; fileRef = 609128912BF6A25B00951F02 /* AppDelegate.swift */; };
609128942BF6A25B00951F02 /* SceneDelegate.swift in Sources */ = {isa = PBXBuildFile; fileRef = 609128932BF6A25B00951F02 /* SceneDelegate.swift */; };
6091289B2BF6A25D00951F02 /* Assets.xcassets in Resources */ = {isa = PBXBuildFile; fileRef = 6091289A2BF6A25D00951F02 /* Assets.xcassets */; };
6091289E2BF6A25D00951F02 /* Base in Resources */ = {isa = PBXBuildFile; fileRef = 6091289D2BF6A25D00951F02 /* Base */; };
609128B32BF6A59100951F02 /* AirQualityVC.swift in Sources */ = {isa = PBXBuildFile; fileRef = 609128B22BF6A59100951F02 /* AirQualityVC.swift */; };
609128B52BF6A5AF00951F02 /* WeatherPageVC.swift in Sources */ = {isa = PBXBuildFile; fileRef = 609128B42BF6A5AF00951F02 /* WeatherPageVC.swift */; };
609128B72BF6A5C800951F02 /* SpeciePageVC.swift in Sources */ = {isa = PBXBuildFile; fileRef = 609128B62BF6A5C800951F02 /* SpeciePageVC.swift */; };
609128B92BF6A5DA00951F02 /* SolarResourcePageVC.swift in Sources */ = {isa = PBXBuildFile; fileRef = 609128B82BF6A5DA00951F02 /* SolarResourcePageVC.swift */; };
609128BB2BF6A5E900951F02 /* PopulationPageVC.swift in Sources */ = {isa = PBXBuildFile; fileRef = 609128BA2BF6A5E900951F02 /* PopulationPageVC.swift */; };
609128C22BF6A65800951F02 /* AirQualityViewModel.swift in Sources */ = {isa = PBXBuildFile; fileRef = 609128C12BF6A65800951F02 /* AirQualityViewModel.swift */; };
609128C52BF6A81E00951F02 /* AirQualityInfo.swift in Sources */ = {isa = PBXBuildFile; fileRef = 609128C42BF6A81E00951F02 /* AirQualityInfo.swift */; };
609128C72BF6A85D00951F02 /* SpecieInfo.swift in Sources */ = {isa = PBXBuildFile; fileRef = 609128C62BF6A85D00951F02 /* SpecieInfo.swift */; };
609128C92BF6A87200951F02 /* WeatherInfo.swift in Sources */ = {isa = PBXBuildFile; fileRef = 609128C82BF6A87200951F02 /* WeatherInfo.swift */; };
609128CB2BF6A88300951F02 /* SolarInfo.swift in Sources */ = {isa = PBXBuildFile; fileRef = 609128CA2BF6A88300951F02 /* SolarInfo.swift */; };
609128CD2BF6A89300951F02 /* PopulationInfo.swift in Sources */ = {isa = PBXBuildFile; fileRef = 609128CC2BF6A89300951F02 /* PopulationInfo.swift */; };
609128D42BF6A92300951F02 /* WeatherViewModel.swift in Sources */ = {isa = PBXBuildFile; fileRef = 609128D32BF6A92300951F02 /* WeatherViewModel.swift */; };
609128D62BF6A93500951F02 /* SpecieViewModel.swift in Sources */ = {isa = PBXBuildFile; fileRef = 609128D52BF6A93500951F02 /* SpecieViewModel.swift */; };
609128D82BF6A94300951F02 /* SolarViewModel.swift in Sources */ = {isa = PBXBuildFile; fileRef = 609128D72BF6A94300951F02 /* SolarViewModel.swift */; };
609128DA2BF6A95A00951F02 /* PopulationViewModel.swift in Sources */ = {isa = PBXBuildFile; fileRef = 609128D92BF6A95A00951F02 /* PopulationViewModel.swift */; };
609128DF2BF6BC8C00951F02 /* NetWorkingService.swift in Sources */ = {isa = PBXBuildFile; fileRef = 609128DE2BF6BC8C00951F02 /* NetWorkingService.swift */; };
FB55C2FE2BF7400600A5347F /* SpecieCell.swift in Sources */ = {isa = PBXBuildFile; fileRef = FB55C2FD2BF7400600A5347F /* SpecieCell.swift */; };
/* End PBXBuildFile section */

/* Begin PBXFileReference section */
1A0F718A2BF7C92F00CDD8CC /* WeatherTableViewCell.swift */ = {isa = PBXFileReference; lastKnownFileType = sourcecode.swift; path = WeatherTableViewCell.swift; sourceTree = "<group>"; };
33759CF42BF7CA2E005146CC /* SolarTableViewCell.swift */ = {isa = PBXFileReference; lastKnownFileType = sourcecode.swift; path = SolarTableViewCell.swift; sourceTree = "<group>"; };
6091288E2BF6A25B00951F02 /* Collab N1 N-27.app */ = {isa = PBXFileReference; explicitFileType = wrapper.application; includeInIndex = 0; path = "Collab N1 N-27.app"; sourceTree = BUILT_PRODUCTS_DIR; };
609128912BF6A25B00951F02 /* AppDelegate.swift */ = {isa = PBXFileReference; lastKnownFileType = sourcecode.swift; path = AppDelegate.swift; sourceTree = "<group>"; };
609128932BF6A25B00951F02 /* SceneDelegate.swift */ = {isa = PBXFileReference; lastKnownFileType = sourcecode.swift; path = SceneDelegate.swift; sourceTree = "<group>"; };
6091289A2BF6A25D00951F02 /* Assets.xcassets */ = {isa = PBXFileReference; lastKnownFileType = folder.assetcatalog; path = Assets.xcassets; sourceTree = "<group>"; };
6091289D2BF6A25D00951F02 /* Base */ = {isa = PBXFileReference; lastKnownFileType = file.storyboard; name = Base; path = Base.lproj/LaunchScreen.storyboard; sourceTree = "<group>"; };
6091289F2BF6A25D00951F02 /* Info.plist */ = {isa = PBXFileReference; lastKnownFileType = text.plist.xml; path = Info.plist; sourceTree = "<group>"; };
609128B22BF6A59100951F02 /* AirQualityVC.swift */ = {isa = PBXFileReference; lastKnownFileType = sourcecode.swift; path = AirQualityVC.swift; sourceTree = "<group>"; };
609128B42BF6A5AF00951F02 /* WeatherPageVC.swift */ = {isa = PBXFileReference; lastKnownFileType = sourcecode.swift; path = WeatherPageVC.swift; sourceTree = "<group>"; };
609128B62BF6A5C800951F02 /* SpeciePageVC.swift */ = {isa = PBXFileReference; lastKnownFileType = sourcecode.swift; path = SpeciePageVC.swift; sourceTree = "<group>"; };
609128B82BF6A5DA00951F02 /* SolarResourcePageVC.swift */ = {isa = PBXFileReference; lastKnownFileType = sourcecode.swift; path = SolarResourcePageVC.swift; sourceTree = "<group>"; };
609128BA2BF6A5E900951F02 /* PopulationPageVC.swift */ = {isa = PBXFileReference; lastKnownFileType = sourcecode.swift; path = PopulationPageVC.swift; sourceTree = "<group>"; };
609128C12BF6A65800951F02 /* AirQualityViewModel.swift */ = {isa = PBXFileReference; lastKnownFileType = sourcecode.swift; path = AirQualityViewModel.swift; sourceTree = "<group>"; };
609128C42BF6A81E00951F02 /* AirQualityInfo.swift */ = {isa = PBXFileReference; lastKnownFileType = sourcecode.swift; path = AirQualityInfo.swift; sourceTree = "<group>"; };
609128C62BF6A85D00951F02 /* SpecieInfo.swift */ = {isa = PBXFileReference; lastKnownFileType = sourcecode.swift; path = SpecieInfo.swift; sourceTree = "<group>"; };
609128C82BF6A87200951F02 /* WeatherInfo.swift */ = {isa = PBXFileReference; lastKnownFileType = sourcecode.swift; path = WeatherInfo.swift; sourceTree = "<group>"; };
609128CA2BF6A88300951F02 /* SolarInfo.swift */ = {isa = PBXFileReference; lastKnownFileType = sourcecode.swift; path = SolarInfo.swift; sourceTree = "<group>"; };
609128CC2BF6A89300951F02 /* PopulationInfo.swift */ = {isa = PBXFileReference; lastKnownFileType = sourcecode.swift; path = PopulationInfo.swift; sourceTree = "<group>"; };
609128D32BF6A92300951F02 /* WeatherViewModel.swift */ = {isa = PBXFileReference; lastKnownFileType = sourcecode.swift; path = WeatherViewModel.swift; sourceTree = "<group>"; };
609128D52BF6A93500951F02 /* SpecieViewModel.swift */ = {isa = PBXFileReference; lastKnownFileType = sourcecode.swift; path = SpecieViewModel.swift; sourceTree = "<group>"; };
609128D72BF6A94300951F02 /* SolarViewModel.swift */ = {isa = PBXFileReference; lastKnownFileType = sourcecode.swift; path = SolarViewModel.swift; sourceTree = "<group>"; };
609128D92BF6A95A00951F02 /* PopulationViewModel.swift */ = {isa = PBXFileReference; lastKnownFileType = sourcecode.swift; path = PopulationViewModel.swift; sourceTree = "<group>"; };
609128DE2BF6BC8C00951F02 /* NetWorkingService.swift */ = {isa = PBXFileReference; lastKnownFileType = sourcecode.swift; path = NetWorkingService.swift; sourceTree = "<group>"; };
FB55C2FD2BF7400600A5347F /* SpecieCell.swift */ = {isa = PBXFileReference; lastKnownFileType = sourcecode.swift; path = SpecieCell.swift; sourceTree = "<group>"; };
/* End PBXFileReference section */

/* Begin PBXFrameworksBuildPhase section */
6091288B2BF6A25B00951F02 /* Frameworks */ = {
    isa = PBXFrameworksBuildPhase;
    buildActionMask = 2147483647;
    files = (
    );
    runOnlyForDeploymentPostprocessing = 0;
};
/* End PBXFrameworksBuildPhase section */

/* Begin PBXGroup section */
1A0F71892BF7C8F900CDD8CC /* Cell */ = {
    isa = PBXGroup;
    children = (
        1A0F718A2BF7C92F00CDD8CC /* WeatherTableViewCell.swift */,
        33759CF42BF7CA2E005146CC /* SolarTableViewCell.swift */,
    );
    path = Cell;
    sourceTree = "<group>";
};
609128852BF6A25B00951F02 = {
    isa = PBXGroup;
    children = (
        609128902BF6A25B00951F02 /* Collab N1 N-27 */,
        6091288F2BF6A25B00951F02 /* Products */,
    );
    sourceTree = "<group>";
};
6091288F2BF6A25B00951F02 /* Products */ = {
    isa = PBXGroup;
    children = (
        6091288E2BF6A25B00951F02 /* Collab N1 N-27.app */,
    );
    name = Products;
    sourceTree = "<group>";
};
609128902BF6A25B00951F02 /* Collab N1 N-27 */ = {
    isa = PBXGroup;
    children = (
        609128A92BF6A37900951F02 /* App */,
        609128C32BF6A7E300951F02 /* Models */,
        609128DB2BF6A98800951F02 /* NetworkingService */,
        609128B12BF6A57600951F02 /* Scenes */,
        609128A52BF6A28D00951F02 /* Resources */,
        609128A62BF6A2A500951F02 /* Supporting Files */,
    );
    path = "Collab N1 N-27";
    sourceTree = "<group>";
};
609128A52BF6A28D00951F02 /* Resources */ = {
    isa = PBXGroup;
    children = (
        6091289A2BF6A25D00951F02 /* Assets.xcassets */,
    );
    path = Resources;
    sourceTree = "<group>";
};
609128A62BF6A2A500951F02 /* Supporting Files */ = {
    isa = PBXGroup;
    children = (
        6091289C2BF6A25D00951F02 /* LaunchScreen.storyboard */,
        6091289F2BF6A25D00951F02 /* Info.plist */,
    );
    path = "Supporting Files";
    sourceTree = "<group>";
};
609128A92BF6A37900951F02 /* App */ = {
    isa = PBXGroup;
    children = (
        609128912BF6A25B00951F02 /* AppDelegate.swift */,
        609128932BF6A25B00951F02 /* SceneDelegate.swift */,
    );
    path = App;
    sourceTree = "<group>";
};
609128B12BF6A57600951F02 /* Scenes */ = {
    isa = PBXGroup;
    children = (
        609128BC2BF6A5EE00951F02 /* AirQualityPage */,
        609128BD2BF6A5F700951F02 /* WeatherPage */,
        609128BE2BF6A60200951F02 /* SpeciePage */,
        609128BF2BF6A60C00951F02 /* SolarPage */,
        609128C02BF6A63A00951F02 /* PopulationPage */,
    );
    path = Scenes;
    sourceTree = "<group>";
};
609128BC2BF6A5EE00951F02 /* AirQualityPage */ = {
    isa = PBXGroup;
    children = (
        609128B22BF6A59100951F02 /* AirQualityVC.swift */,
        609128C12BF6A65800951F02 /* AirQualityViewModel.swift */,
    );
    path = AirQualityPage;
    sourceTree = "<group>";
};
609128BD2BF6A5F700951F02 /* WeatherPage */ = {
    isa = PBXGroup;
    children = (
        609128B42BF6A5AF00951F02 /* WeatherPageVC.swift */,
        609128D32BF6A92300951F02 /* WeatherViewModel.swift */,
        1A0F71892BF7C8F900CDD8CC /* Cell */,
    );
    path = WeatherPage;
    sourceTree = "<group>";
};
609128BE2BF6A60200951F02 /* SpeciePage */ = {
    isa = PBXGroup;
    children = (
        FB55C2FC2BF73FE000A5347F /* Cell */,
        609128B62BF6A5C800951F02 /* SpeciePageVC.swift */,
        609128D52BF6A93500951F02 /* SpecieViewModel.swift */,
    );
    path = SpeciePage;
    sourceTree = "<group>";
};
609128BF2BF6A60C00951F02 /* SolarPage */ = {
    isa = PBXGroup;
    children = (
        609128B82BF6A5DA00951F02 /* SolarResourcePageVC.swift */,
        609128D72BF6A94300951F02 /* SolarViewModel.swift */,
        33759CF62BF7CA3C005146CC /* Cell */,
    );
    path = SolarPage;
    sourceTree = "<group>";
};
609128C02BF6A63A00951F02 /* PopulationPage */ = {
    isa = PBXGroup;
    children = (
        609128BA2BF6A5E900951F02 /* PopulationPageVC */,
        609128D92BF6A95A00951F02 /* PopulationViewModel.swift */,
    );
    path = PopulationPage;
    sourceTree = "<group>";
};
609128C32BF6A7E300951F02 /* Models */ = {
    isa = PBXGroup;
    children = (
        609128CE2BF6A8A100951F02 /* AirQualityModel */,
        609128CF2BF6A8C800951F02 /* WeatherModel */,
        609128D02BF6A8D500951F02 /* SpecielModel */,
        609128D12BF6A8DD00951F02 /* SolarModel */,
        609128D22BF6A8E700951F02 /* PopulationModel */,
    );
    path = Models;
    sourceTree = "<group>";
};
609128CE2BF6A8A100951F02 /* AirQualityModel */ = {
    isa = PBXGroup;
    children = (
        609128C42BF6A81E00951F02 /* AirQualityInfo.swift */,
    );
    path = AirQualityModel;
    sourceTree = "<group>";
};
609128CF2BF6A8C800951F02 /* WeatherModel */ = {
    isa = PBXGroup;
    children = (
        609128C82BF6A87200951F02 /* WeatherInfo.swift */,
    );
    path = WeatherModel;
    sourceTree = "<group>";
};
609128D02BF6A8D500951F02 /* SpecielModel */ = {
    isa = PBXGroup;
    children = (
        609128C62BF6A85D00951F02 /* SpecieInfo.swift */,
    );
    path = SpecielModel;
    sourceTree = "<group>";
};
609128D12BF6A8DD00951F02 /* SolarModel */ = {
    isa = PBXGroup;
    children = (
        609128CA2BF6A88300951F02 /* SolarInfo.swift */,
    );
    path = SolarModel;
    sourceTree = "<group>";
};
609128D22BF6A8E700951F02 /* PopulationModel */ = {
    isa = PBXGroup;
    children = (
        609128CC2BF6A89300951F02 /* PopulationInfo.swift */,
    );
    path = PopulationModel;
    sourceTree = "<group>";
};
609128DB2BF6A98800951F02 /* NetworkingService */ = {
    isa = PBXGroup;
    children = (
        609128DE2BF6BC8C00951F02 /* NetWorkingService.swift */,
    );
    path = NetworkingService;
    sourceTree = "<group>";
};
FB55C2FC2BF73FE000A5347F /* Cell */ = {
    isa = PBXGroup;
    children = (
        FB55C2FD2BF7400600A5347F /* SpecieCell.swift */,
    );
    path = Cell;
    sourceTree = "<group>";
};
/* End PBXGroup section */

/* Begin PBXNativeTarget section */
6091288D2BF6A25B00951F02 /* Collab N1 N-27 */ = {
    isa = PBXNativeTarget;
    buildConfigurationList = 609128A22BF6A25D00951F02 /* Build configuration list for PBXNativeTarget "Collab N1 N-27" */;
    buildPhases = (
        6091288A2BF6A25B00951F02 /* Sources */,
        6091288B2BF6A25B00951F02 /* Frameworks */,
        6091288C2BF6A25B00951F02 /* Resources */,
    );
    buildRules = (
    );
    dependencies = (
    );
    name = "Collab N1 N-27";
    productName = "Collab N1 N-27";
    productReference = 6091288E2BF6A25B00951F02 /* Collab N1 N-27.app */;
    productType = "com.apple.product-type.application";
};
/* End PBXNativeTarget section */

/* Begin PBXProject section */
609128862BF6A25B00951F02 /* Project object */ = {
    isa = PBXProject;
    attributes = {
        BuildIndependentTargetsInParallel = 1;
        LastSwiftUpdateCheck = 1540;
        LastUpgradeCheck = 1540;
        TargetAttributes = {
            6091288D2BF6A25B00951F02 = {
                CreatedOnToolsVersion = 15.4;
            };
        };
    };
    buildConfigurationList = 609128892BF6A25B00951F02 /* Build configuration list for PBXProject "Collab N1 N-27" */;
    compatibilityVersion = "Xcode 14.0";
    developmentRegion = en;
    hasScannedForEncodings = 0;
    knownRegions = (
        en,
        Base,
    );
    mainGroup = 609128852BF6A25B00951F02;
    productRefGroup = 6091288F2BF6A25B00951F02 /* Products */;
    projectDirPath = "";
    projectRoot = "";
    targets = (
        6091288D2BF6A25B00951F02 /* Collab N1 N-27 */,
    );
};
/* End PBXProject section */

/* Begin PBXResourcesBuildPhase section */
6091288C2BF6A25B00951F02 /* Resources */ = {
    isa = PBXResourcesBuildPhase;
    buildActionMask = 2147483647;
    files = (
        6091289B2BF6A25D00951F02 /* Assets.xcassets in Resources */,
        6091289E2BF6A25D00951F02 /* Base in Resources */,
    );
    runOnlyForDeploymentPostprocessing = 0;
};
/* End PBXResourcesBuildPhase section */

/* Begin PBXSourcesBuildPhase section */
6091288A2BF6A25B00951F02 /* Sources */ = {
    isa = PBXSourcesBuildPhase;
    buildActionMask = 2147483647;
    files = (
        609128C72BF6A85D00951F02 /* SpecieInfo.swift in Sources */,
        609128B52BF6A5AF00951F02 /* WeatherPageVC.swift in Sources */,
        609128B92BF6A5DA00951F02 /* SolarResourcePageVC.swift in Sources */,
        609128D42BF6A92300951F02 /* WeatherViewModel.swift in Sources */,
        609128CD2BF6A89300951F02 /* PopulationInfo.swift in Sources */,
        1A0F718B2BF7C92F00CDD8CC /* WeatherTableViewCell.swift in Sources */,
        609128C92BF6A87200951F02 /* WeatherInfo.swift in Sources */,
        609128D62BF6A93500951F02 /* SpecieViewModel.swift in Sources */,
        609128922BF6A25B00951F02 /* AppDelegate.swift in Sources */,
        609128B32BF6A59100951F02 /* AirQualityVC.swift in Sources */,
        609128942BF6A25B00951F02 /* SceneDelegate.swift in Sources */,
        609128CB2BF6A88300951F02 /* SolarInfo.swift in Sources */,
        FB55C2FE2BF7400600A5347F /* SpecieCell.swift in Sources */,
        609128C52BF6A81E00951F02 /* AirQualityInfo.swift in Sources */,
        609128D82BF6A94300951F02 /* SolarViewModel.swift in Sources */,
        609128C22BF6A65800951F02 /* AirQualityViewModel.swift in Sources */,
        609128BB2BF6A5E900951F02 /* PopulationPageVC.swift in Sources */,
        609128DF2BF6BC8C00951F02 /* NetWorkingService.swift in Sources */,
        33759CF52BF7CA2E005146CC /* SolarTableViewCell.swift in Sources */,
        609128DA2BF6A95A00951F02 /* PopulationViewModel.swift in Sources */,
        609128B72BF6A5C800951F02 /* SpeciePageVC.swift in Sources */,
    );
    runOnlyForDeploymentPostprocessing = 0;
};
/* End PBXSourcesBuildPhase section */

/* Begin PBXVariantGroup section */
6091289C2BF6A25D00951F02 /* LaunchScreen.storyboard */ = {
    isa = PBXVariantGroup;
    children = (
        6091289D2BF6A25D00951F02 /* Base */,
    );
    name = LaunchScreen.storyboard;
    sourceTree = "<group>";
};
/* End PBXVariantGroup section */

/* Begin XCBuildConfiguration section */
609128A02BF6A25D00951F02 /* Debug */ = {
    isa = XCBuildConfiguration;
    buildSettings = {
        ALWAYS_SEARCH_USER_PATHS = NO;
        ASSETCATALOG_COMPILER_GENERATE_SWIFT_ASSET_SYMBOL_EXTENSIONS = YES;
        CLANG_ANALYZER_NONNULL = YES;
        CLANG_ANALYZER_NUMBER_OBJECT_CONVERSION = YES_AGGRESSIVE;
        CLANG_CXX_LANGUAGE_STANDARD = "gnu++20";
        CLANG_ENABLE_MODULES = YES;
        CLANG_ENABLE_OBJC_ARC = YES;
        CLANG_ENABLE_OBJC_WEAK = YES;
        CLANG_WARN_BLOCK_CAPTURE_AUTORELEASING = YES;
        CLANG_WARN_BOOL_CONVERSION = YES;
        CLANG_WARN_COMMA = YES;
        CLANG_WARN_CONSTANT_CONVERSION = YES;
        CLANG_WARN_DEPRECATED_OBJC_IMPLEMENTATIONS = YES;
        CLANG_WARN_DIRECT_OBJC_ISA_USAGE = YES_ERROR;
        CLANG_WARN_DOCUMENTATION_COMMENTS = YES;
        CLANG_WARN_EMPTY_BODY = YES;
        CLANG_WARN_ENUM_CONVERSION = YES;
        CLANG_WARN_INFINITE_RECURSION = YES;
        CLANG_WARN_INT_CONVERSION = YES;
        CLANG_WARN_NON_LITERAL_NULL_CONVERSION = YES;
        CLANG_WARN_OBJC_IMPLICIT_RETAIN_SELF = YES;
        CLANG_WARN_OBJC_LITERAL_CONVERSION = YES;
        CLANG_WARN_OBJC_ROOT_CLASS = YES_ERROR;
        CLANG_WARN_QUOTED_INCLUDE_IN_FRAMEWORK_HEADER = YES;
        CLANG_WARN_RANGE_LOOP_ANALYSIS = YES;
        CLANG_WARN_STRICT_PROTOTYPES = YES;
        CLANG_WARN_SUSPICIOUS_MOVE = YES;
        CLANG_WARN_UNGUARDED_AVAILABILITY = YES_AGGRESSIVE;
        CLANG_WARN_UNREACHABLE_CODE = YES;
        CLANG_WARN__DUPLICATE_METHOD_MATCH = YES;
        COPY_PHASE_STRIP = NO;
        DEBUG_INFORMATION_FORMAT = dwarf;
        ENABLE_STRICT_OBJC_MSGSEND = YES;
        ENABLE_TESTABILITY = YES;
        ENABLE_USER_SCRIPT_SANDBOXING = YES;
        GCC_C_LANGUAGE_STANDARD = gnu17;
        GCC_DYNAMIC_NO_PIC = NO;
        GCC_NO_COMMON_BLOCKS = YES;
        GCC_OPTIMIZATION_LEVEL = 0;
        GCC_PREPROCESSOR_DEFINITIONS = (
            "DEBUG=1",
            "$(inherited)",
        );
        GCC_WARN_64_TO_32_BIT_CONVERSION = YES;
        GCC_WARN_ABOUT_RETURN_TYPE = YES_ERROR;
        GCC_WARN_UNDECLARED_SELECTOR = YES;
        GCC_WARN_UNINITIALIZED_AUTOS = YES_AGGRESSIVE;
        GCC_WARN_UNUSED_FUNCTION = YES;
        GCC_WARN_UNUSED_VARIABLE = YES;
        IPHONEOS_DEPLOYMENT_TARGET = 17.5;
        LOCALIZATION_PREFERS_STRING_CATALOGS = YES;
        MTL_ENABLE_DEBUG_INFO = INCLUDE_SOURCE;
        MTL_FAST_MATH = YES;
        ONLY_ACTIVE_ARCH = YES;
        SDKROOT = iphoneos;
        SWIFT_ACTIVE_COMPILATION_CONDITIONS = "DEBUG $(inherited)";
        SWIFT_OPTIMIZATION_LEVEL = "-Onone";
    };
    name = Debug;
};
609128A12BF6A25D00951F02 /* Release */ = {
    isa = XCBuildConfiguration;
    buildSettings = {
        ALWAYS_SEARCH_USER_PATHS = NO;
        ASSETCATALOG_COMPILER_GENERATE_SWIFT_ASSET_SYMBOL_EXTENSIONS = YES;
        CLANG_ANALYZER_NONNULL = YES;
        CLANG_ANALYZER_NUMBER_OBJECT_CONVERSION = YES_AGGRESSIVE;
        CLANG_CXX_LANGUAGE_STANDARD = "gnu++20";
        CLANG_ENABLE_MODULES = YES;
        CLANG_ENABLE_OBJC_ARC = YES;
        CLANG_ENABLE_OBJC_WEAK = YES;
        CLANG_WARN_BLOCK_CAPTURE_AUTORELEASING = YES;
        CLANG_WARN_BOOL_CONVERSION = YES;
        CLANG_WARN_COMMA = YES;
        CLANG_WARN_CONSTANT_CONVERSION = YES;
        CLANG_WARN_DEPRECATED_OBJC_IMPLEMENTATIONS = YES;
        CLANG_WARN_DIRECT_OBJC_ISA_USAGE = YES_ERROR;
        CLANG_WARN_DOCUMENTATION_COMMENTS = YES;
        CLANG_WARN_EMPTY_BODY = YES;
        CLANG_WARN_ENUM_CONVERSION = YES;
        CLANG_WARN_INFINITE_RECURSION = YES;
        CLANG_WARN_INT_CONVERSION = YES;
        CLANG_WARN_NON_LITERAL_NULL_CONVERSION = YES;
        CLANG_WARN_OBJC_IMPLICIT_RETAIN_SELF = YES;
        CLANG_WARN_OBJC_LITERAL_CONVERSION = YES;
        CLANG_WARN_OBJC_ROOT_CLASS = YES_ERROR;
        CLANG_WARN_QUOTED_INCLUDE_IN_FRAMEWORK_HEADER = YES;
        CLANG_WARN_RANGE_LOOP_ANALYSIS = YES;
        CLANG_WARN_STRICT_PROTOTYPES = YES;
        CLANG_WARN_SUSPICIOUS_MOVE = YES;
        CLANG_WARN_UNGUARDED_AVAILABILITY = YES_AGGRESSIVE;
        CLANG_WARN_UNREACHABLE_CODE = YES;
        CLANG_WARN__DUPLICATE_METHOD_MATCH = YES;
        COPY_PHASE_STRIP = NO;
        DEBUG_INFORMATION_FORMAT = "dwarf-with-dsym";
        ENABLE_NS_ASSERTIONS = NO;
        ENABLE_STRICT_OBJC_MSGSEND = YES;
        ENABLE_USER_SCRIPT_SANDBOXING = YES;
        GCC_C_LANGUAGE_STANDARD = gnu17;
        GCC_NO_COMMON_BLOCKS = YES;
        GCC_WARN_64_TO_32_BIT_CONVERSION = YES;
        GCC_WARN_ABOUT_RETURN_TYPE = YES_ERROR;
        GCC_WARN_UNDECLARED_SELECTOR = YES;
        GCC_WARN_UNINITIALIZED_AUTOS = YES_AGGRESSIVE;
        GCC_WARN_UNUSED_FUNCTION = YES;
        GCC_WARN_UNUSED_VARIABLE = YES;
        IPHONEOS_DEPLOYMENT_TARGET = 17.5;
        LOCALIZATION_PREFERS_STRING_CATALOGS = YES;
        MTL_ENABLE_DEBUG_INFO = NO;
        MTL_FAST_MATH = YES;
        SDKROOT = iphoneos;
        SWIFT_COMPILATION_MODE = wholemodule;
        VALIDATE_PRODUCT = YES;
    };
    name = Release;
};
609128A32BF6A25D00951F02 /* Debug */ = {
    isa = XCBuildConfiguration;
    buildSettings = {
        ASSETCATALOG_COMPILER_APPICON_NAME = AppIcon;
        ASSETCATALOG_COMPILER_GLOBAL_ACCENT_COLOR_NAME = AccentColor;
        CODE_SIGN_STYLE = Automatic;
        CURRENT_PROJECT_VERSION = 1;
        DEVELOPMENT_TEAM = 2XP9JWLHYD;
        GENERATE_INFOPLIST_FILE = YES;
        INFOPLIST_FILE = "Collab N1 N-27/Supporting Files/Info.plist";
        INFOPLIST_KEY_UIApplicationSupportsIndirectInputEvents = YES;
        INFOPLIST_KEY_UILaunchStoryboardName = LaunchScreen;
        INFOPLIST_KEY_UISupportedInterfaceOrientations = UIInterfaceOrientationPortrait;
        INFOPLIST_KEY_UISupportedInterfaceOrientations_iPad = "UIInterfaceOrientationLandscapeLeft UIInterfaceOrientationLandscapeRight UIInterfaceOrientationPortrait UIInterfaceOrientationPortraitUpsideDown";
        IPHONEOS_DEPLOYMENT_TARGET = 17.0;
        LD_RUNPATH_SEARCH_PATHS = (
            "$(inherited)",
            "@executable_path/Frameworks",
        );
        MARKETING_VERSION = 1.0;
        PRODUCT_BUNDLE_IDENTIFIER = "com.papuashvilizuka.Collab-N1-N-27";
        PRODUCT_NAME = "$(TARGET_NAME)";
        SWIFT_EMIT_LOC_STRINGS = YES;
        SWIFT_VERSION = 5.0;
        TARGETED_DEVICE_FAMILY = "1,2";
    };
    name = Debug;
};
609128A42BF6A25D00951F02 /* Release */ = {
    isa = XCBuildConfiguration;
    buildSettings = {
        ASSETCATALOG_COMPILER_APPICON_NAME = AppIcon;
        ASSETCATALOG_COMPILER_GLOBAL_ACCENT_COLOR_NAME = AccentColor;
        CODE_SIGN_STYLE = Automatic;
        CURRENT_PROJECT_VERSION = 1;
        DEVELOPMENT_TEAM = 2XP9JWLHYD;
        GENERATE_INFOPLIST_FILE = YES;
        INFOPLIST_FILE = "Collab N1 N-27/Supporting Files/Info.plist";
        INFOPLIST_KEY_UIApplicationSupportsIndirectInputEvents = YES;
        INFOPLIST_KEY_UILaunchStoryboardName = LaunchScreen;
        INFOPLIST_KEY_UISupportedInterfaceOrientations = UIInterfaceOrientationPortrait;
        INFOPLIST_KEY_UISupportedInterfaceOrientations_iPad = "UIInterfaceOrientationLandscapeLeft UIInterfaceOrientationLandscapeRight UIInterfaceOrientationPortrait UIInterfaceOrientationPortraitUpsideDown";
        IPHONEOS_DEPLOYMENT_TARGET = 17.0;
        LD_RUNPATH_SEARCH_PATHS = (
            "$(inherited)",
            "@executable_path/Frameworks",
        );
        MARKETING_VERSION = 1.0;
        PRODUCT_BUNDLE_IDENTIFIER = "com.papuashvilizuka.Collab-N1-N-27";
        PRODUCT_NAME = "$(TARGET_NAME)";
        SWIFT_EMIT_LOC_STRINGS = YES;
        SWIFT_VERSION = 5.0;
        TARGETED_DEVICE_FAMILY = "1,2";
    };
    name = Release;
};
/* End XCBuildConfiguration section */

/* Begin XCConfigurationList section */
609128892BF6A25B00951F02 /* Build configuration list for PBXProject "Collab N1 N-27" */ = {
    isa = XCConfigurationList;
    buildConfigurations = (
        609128A02BF6A25D00951F02 /* Debug */,
        609128A12BF6A25D00951F02 /* Release */,
    );
    defaultConfigurationIsVisible = 0;
    defaultConfigurationName = Release;
};
609128A22BF6A25D00951F02 /* Build configuration list for PBXNativeTarget "Collab N1 N-27" */ = {
    isa = XCConfigurationList;
    buildConfigurations = (
        609128A32BF6A25D00951F02 /* Debug */,
        609128A42BF6A25D00951F02 /* Release */,
    );
    defaultConfigurationIsVisible = 0;
    defaultConfigurationName = Release;
};
/* End XCConfigurationList section */
    };
    rootObject = 609128862BF6A25B00951F02 /* Project object */;
}
